
Microsoft Visual Studio Solution File, Format Version 12.00
# Visual Studio Version 17
VisualStudioVersion = 17.7.34031.279
MinimumVisualStudioVersion = 10.0.40219.1
Project("{FAE04EC0-301F-11D3-BF4B-00C04F79EFBC}") = "TASK_MOCK_MVC", "TASK_MOCK_MVC\TASK_MOCK_MVC.csproj", "{010A18F3-9C68-461D-B1AF-38FFC72C2451}"
EndProject
Global
	GlobalSection(SolutionConfigurationPlatforms) = preSolution
		Debug|Any CPU = Debug|Any CPU
		Release|Any CPU = Release|Any CPU
	EndGlobalSection
	GlobalSection(ProjectConfigurationPlatforms) = postSolution
		{010A18F3-9C68-461D-B1AF-38FFC72C2451}.Debug|Any CPU.ActiveCfg = Debug|Any CPU
		{010A18F3-9C68-461D-B1AF-38FFC72C2451}.Debug|Any CPU.Build.0 = Debug|Any CPU
		{010A18F3-9C68-461D-B1AF-38FFC72C2451}.Release|Any CPU.ActiveCfg = Release|Any CPU
		{010A18F3-9C68-461D-B1AF-38FFC72C2451}.Release|Any CPU.Build.0 = Release|Any CPU
	EndGlobalSection
	GlobalSection(SolutionProperties) = preSolution
		HideSolutionNode = FALSE
	EndGlobalSection
	GlobalSection(ExtensibilityGlobals) = postSolution
		SolutionGuid = {B925AB9D-90A9-464B-BCE4-5A4E03B3C44D}
	EndGlobalSection
EndGlobal
